// !$*UTF8*$!
{
	archiveVersion = 1;
	classes = {
	};
	objectVersion = 46;
	objects = {

/* Begin PBXBuildFile section */
		32554C3A1CA38C4800F56632 /* AppDelegate.swift in Sources */ = {isa = PBXBuildFile; fileRef = 32554C391CA38C4800F56632 /* AppDelegate.swift */; };
		32554C3C1CA38C4800F56632 /* ViewController.swift in Sources */ = {isa = PBXBuildFile; fileRef = 32554C3B1CA38C4800F56632 /* ViewController.swift */; };
		32554C3F1CA38C4800F56632 /* Main.storyboard in Resources */ = {isa = PBXBuildFile; fileRef = 32554C3D1CA38C4800F56632 /* Main.storyboard */; };
		32554C411CA38C4800F56632 /* Assets.xcassets in Resources */ = {isa = PBXBuildFile; fileRef = 32554C401CA38C4800F56632 /* Assets.xcassets */; };
		32554C441CA38C4800F56632 /* LaunchScreen.storyboard in Resources */ = {isa = PBXBuildFile; fileRef = 32554C421CA38C4800F56632 /* LaunchScreen.storyboard */; };
/* End PBXBuildFile section */

/* Begin PBXFileReference section */
		32554C361CA38C4800F56632 /* SuperDope.app */ = {isa = PBXFileReference; explicitFileType = wrapper.application; includeInIndex = 0; path = SuperDope.app; sourceTree = BUILT_PRODUCTS_DIR; };
		32554C391CA38C4800F56632 /* AppDelegate.swift */ = {isa = PBXFileReference; lastKnownFileType = sourcecode.swift; path = AppDelegate.swift; sourceTree = "<group>"; };
		32554C3B1CA38C4800F56632 /* ViewController.swift */ = {isa = PBXFileReference; lastKnownFileType = sourcecode.swift; path = ViewController.swift; sourceTree = "<group>"; };
		32554C3E1CA38C4800F56632 /* Base */ = {isa = PBXFileReference; lastKnownFileType = file.storyboard; name = Base; path = Base.lproj/Main.storyboard; sourceTree = "<group>"; };
		32554C401CA38C4800F56632 /* Assets.xcassets */ = {isa = PBXFileReference; lastKnownFileType = folder.assetcatalog; path = Assets.xcassets; sourceTree = "<group>"; };
		32554C431CA38C4800F56632 /* Base */ = {isa = PBXFileReference; lastKnownFileType = file.storyboard; name = Base; path = Base.lproj/LaunchScreen.storyboard; sourceTree = "<group>"; };
		32554C451CA38C4800F56632 /* Info.plist */ = {isa = PBXFileReference; lastKnownFileType = text.plist.xml; path = Info.plist; sourceTree = "<group>"; };
/* End PBXFileReference section */

/* Begin PBXFrameworksBuildPhase section */
		32554C331CA38C4800F56632 /* Frameworks */ = {
			isa = PBXFrameworksBuildPhase;
			buildActionMask = 2147483647;
			files = (
			);
			runOnlyForDeploymentPostprocessing = 0;
		};
/* End PBXFrameworksBuildPhase section */

/* Begin PBXGroup section */
		32554C2D1CA38C4700F56632 = {
			isa = PBXGroup;
			children = (
				32554C381CA38C4800F56632 /* SuperDope */,
				32554C371CA38C4800F56632 /* Products */,
			);
			sourceTree = "<group>";
		};
		32554C371CA38C4800F56632 /* Products */ = {
			isa = PBXGroup;
			children = (
				32554C361CA38C4800F56632 /* SuperDope.app */,
			);
			name = Products;
			sourceTree = "<group>";
		};
		32554C381CA38C4800F56632 /* SuperDope */ = {
			isa = PBXGroup;
			children = (
				32554C391CA38C4800F56632 /* AppDelegate.swift */,
				32554C3B1CA38C4800F56632 /* ViewController.swift */,
				32554C3D1CA38C4800F56632 /* Main.storyboard */,
				32554C401CA38C4800F56632 /* Assets.xcassets */,
				32554C421CA38C4800F56632 /* LaunchScreen.storyboard */,
				32554C451CA38C4800F56632 /* Info.plist */,
			);
			path = SuperDope;
			sourceTree = "<group>";
		};
/* End PBXGroup section */

/* Begin PBXNativeTarget section */
		32554C351CA38C4800F56632 /* SuperDope */ = {
			isa = PBXNativeTarget;
			buildConfigurationList = 32554C481CA38C4800F56632 /* Build configuration list for PBXNativeTarget "SuperDope" */;
			buildPhases = (
				32554C321CA38C4800F56632 /* Sources */,
				32554C331CA38C4800F56632 /* Frameworks */,
				32554C341CA38C4800F56632 /* Resources */,
			);
			buildRules = (
			);
			dependencies = (
			);
			name = SuperDope;
			productName = SuperDope;
			productReference = 32554C361CA38C4800F56632 /* SuperDope.app */;
			productType = "com.apple.product-type.application";
		};
/* End PBXNativeTarget section */

/* Begin PBXProject section */
		32554C2E1CA38C4700F56632 /* Project object */ = {
			isa = PBXProject;
			attributes = {
				LastSwiftUpdateCheck = 0730;
				LastUpgradeCheck = 0730;
				ORGANIZATIONNAME = katronus;
				TargetAttributes = {
					32554C351CA38C4800F56632 = {
						CreatedOnToolsVersion = 7.3;
					};
				};
			};
			buildConfigurationList = 32554C311CA38C4700F56632 /* Build configuration list for PBXProject "SuperDope" */;
			compatibilityVersion = "Xcode 3.2";
			developmentRegion = English;
			hasScannedForEncodings = 0;
			knownRegions = (
				en,
				Base,
			);
			mainGroup = 32554C2D1CA38C4700F56632;
			productRefGroup = 32554C371CA38C4800F56632 /* Products */;
			projectDirPath = "";
			projectRoot = "";
			targets = (
				32554C351CA38C4800F56632 /* SuperDope */,
			);
		};
/* End PBXProject section */

/* Begin PBXResourcesBuildPhase section */
		32554C341CA38C4800F56632 /* Resources */ = {
			isa = PBXResourcesBuildPhase;
			buildActionMask = 2147483647;
			files = (
				32554C441CA38C4800F56632 /* LaunchScreen.storyboard in Resources */,
				32554C411CA38C4800F56632 /* Assets.xcassets in Resources */,
				32554C3F1CA38C4800F56632 /* Main.storyboard in Resources */,
			);
			runOnlyForDeploymentPostprocessing = 0;
		};
/* End PBXResourcesBuildPhase section */

/* Begin PBXSourcesBuildPhase section */
		32554C321CA38C4800F56632 /* Sources */ = {
			isa = PBXSourcesBuildPhase;
			buildActionMask = 2147483647;
			files = (
				32554C3C1CA38C4800F56632 /* ViewController.swift in Sources */,
				32554C3A1CA38C4800F56632 /* AppDelegate.swift in Sources */,
			);
			runOnlyForDeploymentPostprocessing = 0;
		};
/* End PBXSourcesBuildPhase section */

/* Begin PBXVariantGroup section */
		32554C3D1CA38C4800F56632 /* Main.storyboard */ = {
			isa = PBXVariantGroup;
			children = (
				32554C3E1CA38C4800F56632 /* Base */,
			);
			name = Main.storyboard;
			sourceTree = "<group>";
		};
		32554C421CA38C4800F56632 /* LaunchScreen.storyboard */ = {
			isa = PBXVariantGroup;
			children = (
				32554C431CA38C4800F56632 /* Base */,
			);
			name = LaunchScreen.storyboard;
			sourceTree = "<group>";
		};
/* End PBXVariantGroup section */

/* Begin XCBuildConfiguration section */
		32554C461CA38C4800F56632 /* Debug */ = {
			isa = XCBuildConfiguration;
			buildSettings = {
				ALWAYS_SEARCH_USER_PATHS = NO;
				CLANG_ANALYZER_NONNULL = YES;
				CLANG_CXX_LANGUAGE_STANDARD = "gnu++0x";
				CLANG_CXX_LIBRARY = "libc++";
				CLANG_ENABLE_MODULES = YES;
				CLANG_ENABLE_OBJC_ARC = YES;
				CLANG_WARN_BOOL_CONVERSION = YES;
				CLANG_WARN_CONSTANT_CONVERSION = YES;
				CLANG_WARN_DIRECT_OBJC_ISA_USAGE = YES_ERROR;
				CLANG_WARN_EMPTY_BODY = YES;
				CLANG_WARN_ENUM_CONVERSION = YES;
				CLANG_WARN_INT_CONVERSION = YES;
				CLANG_WARN_OBJC_ROOT_CLASS = YES_ERROR;
				CLANG_WARN_UNREACHABLE_CODE = YES;
				CLANG_WARN__DUPLICATE_METHOD_MATCH = YES;
				"CODE_SIGN_IDENTITY[sdk=iphoneos*]" = "iPhone Developer";
				COPY_PHASE_STRIP = NO;
				DEBUG_INFORMATION_FORMAT = dwarf;
				ENABLE_STRICT_OBJC_MSGSEND = YES;
				ENABLE_TESTABILITY = YES;
				GCC_C_LANGUAGE_STANDARD = gnu99;
				GCC_DYNAMIC_NO_PIC = NO;
				GCC_NO_COMMON_BLOCKS = YES;
				GCC_OPTIMIZATION_LEVEL = 0;
				GCC_PREPROCESSOR_DEFINITIONS = (
					"DEBUG=1",
					"$(inherited)",
				);
				GCC_WARN_64_TO_32_BIT_CONVERSION = YES;
				GCC_WARN_ABOUT_RETURN_TYPE = YES_ERROR;
				GCC_WARN_UNDECLARED_SELECTOR = YES;
				GCC_WARN_UNINITIALIZED_AUTOS = YES_AGGRESSIVE;
				GCC_WARN_UNUSED_FUNCTION = YES;
				GCC_WARN_UNUSED_VARIABLE = YES;
				IPHONEOS_DEPLOYMENT_TARGET = 9.3;
				MTL_ENABLE_DEBUG_INFO = YES;
				ONLY_ACTIVE_ARCH = YES;
				SDKROOT = iphoneos;
				SWIFT_OPTIMIZATION_LEVEL = "-Onone";
			};
			name = Debug;
		};
		32554C471CA38C4800F56632 /* Release */ = {
			isa = XCBuildConfiguration;
			buildSettings = {
				ALWAYS_SEARCH_USER_PATHS = NO;
				CLANG_ANALYZER_NONNULL = YES;
				CLANG_CXX_LANGUAGE_STANDARD = "gnu++0x";
				CLANG_CXX_LIBRARY = "libc++";
				CLANG_ENABLE_MODULES = YES;
				CLANG_ENABLE_OBJC_ARC = YES;
				CLANG_WARN_BOOL_CONVERSION = YES;
				CLANG_WARN_CONSTANT_CONVERSION = YES;
				CLANG_WARN_DIRECT_OBJC_ISA_USAGE = YES_ERROR;
				CLANG_WARN_EMPTY_BODY = YES;
				CLANG_WARN_ENUM_CONVERSION = YES;
				CLANG_WARN_INT_CONVERSION = YES;
				CLANG_WARN_OBJC_ROOT_CLASS = YES_ERROR;
				CLANG_WARN_UNREACHABLE_CODE = YES;
				CLANG_WARN__DUPLICATE_METHOD_MATCH = YES;
				"CODE_SIGN_IDENTITY[sdk=iphoneos*]" = "iPhone Developer";
				COPY_PHASE_STRIP = NO;
				DEBUG_INFORMATION_FORMAT = "dwarf-with-dsym";
				ENABLE_NS_ASSERTIONS = NO;
				ENABLE_STRICT_OBJC_MSGSEND = YES;
				GCC_C_LANGUAGE_STANDARD = gnu99;
				GCC_NO_COMMON_BLOCKS = YES;
				GCC_WARN_64_TO_32_BIT_CONVERSION = YES;
				GCC_WARN_ABOUT_RETURN_TYPE = YES_ERROR;
				GCC_WARN_UNDECLARED_SELECTOR = YES;
				GCC_WARN_UNINITIALIZED_AUTOS = YES_AGGRESSIVE;
				GCC_WARN_UNUSED_FUNCTION = YES;
				GCC_WARN_UNUSED_VARIABLE = YES;
				IPHONEOS_DEPLOYMENT_TARGET = 9.3;
				MTL_ENABLE_DEBUG_INFO = NO;
				SDKROOT = iphoneos;
				VALIDATE_PRODUCT = YES;
			};
			name = Release;
		};
		32554C491CA38C4800F56632 /* Debug */ = {
			isa = XCBuildConfiguration;
			buildSettings = {
				ASSETCATALOG_COMPILER_APPICON_NAME = AppIcon;
				INFOPLIST_FILE = SuperDope/Info.plist;
				LD_RUNPATH_SEARCH_PATHS = "$(inherited) @executable_path/Frameworks";
				PRODUCT_BUNDLE_IDENTIFIER = com.katronus.SuperDope;
				PRODUCT_NAME = "$(TARGET_NAME)";
			};
			name = Debug;
		};
		32554C4A1CA38C4800F56632 /* Release */ = {
			isa = XCBuildConfiguration;
			buildSettings = {
				ASSETCATALOG_COMPILER_APPICON_NAME = AppIcon;
				INFOPLIST_FILE = SuperDope/Info.plist;
				LD_RUNPATH_SEARCH_PATHS = "$(inherited) @executable_path/Frameworks";
				PRODUCT_BUNDLE_IDENTIFIER = com.katronus.SuperDope;
				PRODUCT_NAME = "$(TARGET_NAME)";
			};
			name = Release;
		};
/* End XCBuildConfiguration section */

/* Begin XCConfigurationList section */
		32554C311CA38C4700F56632 /* Build configuration list for PBXProject "SuperDope" */ = {
			isa = XCConfigurationList;
			buildConfigurations = (
				32554C461CA38C4800F56632 /* Debug */,
				32554C471CA38C4800F56632 /* Release */,
			);
			defaultConfigurationIsVisible = 0;
			defaultConfigurationName = Release;
		};
		32554C481CA38C4800F56632 /* Build configuration list for PBXNativeTarget "SuperDope" */ = {
			isa = XCConfigurationList;
			buildConfigurations = (
				32554C491CA38C4800F56632 /* Debug */,
				32554C4A1CA38C4800F56632 /* Release */,
			);
			defaultConfigurationIsVisible = 0;
		};
/* End XCConfigurationList section */
	};
	rootObject = 32554C2E1CA38C4700F56632 /* Project object */;
}
